{
    "version": 3,
    "terraform_version": "0.11.8",
    "serial": 8,
    "lineage": "b9c0e997-02d1-08eb-cc1f-b1f357538fc5",
    "modules": [
        {
            "path": [
                "root"
            ],
            "outputs": {
                "elb-dns-name": {
                    "sensitive": false,
                    "type": "string",
                    "value": "terra-elb-1874288180.us-east-1.elb.amazonaws.com"
                }
            },
            "resources": {
                "aws_elb.terra-elb": {
                    "type": "aws_elb",
                    "depends_on": [
                        "aws_instance.webservers.*",
                        "aws_security_group.webservers",
                        "aws_subnet.public.*"
                    ],
                    "primary": {
                        "id": "terra-elb",
                        "attributes": {
                            "access_logs.#": "0",
                            "arn": "arn:aws:elasticloadbalancing:us-east-1:942980744741:loadbalancer/terra-elb",
                            "availability_zones.#": "2",
                            "availability_zones.1305112097": "us-east-1b",
                            "availability_zones.3569565595": "us-east-1a",
                            "connection_draining": "true",
                            "connection_draining_timeout": "300",
                            "cross_zone_load_balancing": "true",
                            "dns_name": "terra-elb-1874288180.us-east-1.elb.amazonaws.com",
                            "health_check.#": "1",
                            "health_check.0.healthy_threshold": "2",
                            "health_check.0.interval": "30",
                            "health_check.0.target": "HTTP:80/index.html",
                            "health_check.0.timeout": "3",
                            "health_check.0.unhealthy_threshold": "2",
                            "id": "terra-elb",
                            "idle_timeout": "100",
                            "instances.#": "2",
                            "instances.1062831217": "i-0952c14c415359e90",
                            "instances.885609871": "i-07f0052234bc2139b",
                            "internal": "false",
                            "listener.#": "1",
                            "listener.3057123346.instance_port": "80",
                            "listener.3057123346.instance_protocol": "http",
                            "listener.3057123346.lb_port": "80",
                            "listener.3057123346.lb_protocol": "http",
                            "listener.3057123346.ssl_certificate_id": "",
                            "name": "terra-elb",
                            "security_groups.#": "1",
                            "security_groups.3213149455": "sg-0abc3eab9c061e978",
                            "source_security_group": "942980744741/allow_http",
                            "source_security_group_id": "sg-0abc3eab9c061e978",
                            "subnets.#": "2",
                            "subnets.1590619136": "subnet-0588fd4e9fc3ce622",
                            "subnets.2657402825": "subnet-08d396507297c5b9b",
                            "tags.%": "1",
                            "tags.Name": "terraform-elb",
                            "zone_id": "Z35SXDOTRQ7X7K"
                        },
                        "meta": {},
                        "tainted": false
                    },
                    "deposed": [],
                    "provider": "provider.aws"
                },
                "aws_instance.webservers.0": {
                    "type": "aws_instance",
                    "depends_on": [
                        "aws_security_group.webservers",
                        "aws_subnet.public.*"
                    ],
                    "primary": {
                        "id": "i-07f0052234bc2139b",
                        "attributes": {
                            "ami": "ami-0323c3dd2da7fb37d",
                            "arn": "arn:aws:ec2:us-east-1:942980744741:instance/i-07f0052234bc2139b",
                            "associate_public_ip_address": "true",
                            "availability_zone": "us-east-1a",
                            "cpu_core_count": "1",
                            "cpu_threads_per_core": "1",
                            "credit_specification.#": "1",
                            "credit_specification.0.cpu_credits": "standard",
                            "disable_api_termination": "false",
                            "ebs_block_device.#": "0",
                            "ebs_optimized": "false",
                            "ephemeral_block_device.#": "0",
                            "get_password_data": "false",
                            "iam_instance_profile": "",
                            "id": "i-07f0052234bc2139b",
                            "instance_state": "running",
                            "instance_type": "t2.micro",
                            "ipv6_address_count": "0",
                            "ipv6_addresses.#": "0",
                            "key_name": "",
                            "monitoring": "false",
                            "network_interface.#": "0",
                            "password_data": "",
                            "placement_group": "",
                            "primary_network_interface_id": "eni-08ff9f5d049101dc5",
                            "private_dns": "ip-10-20-1-63.ec2.internal",
                            "private_ip": "10.20.1.63",
                            "public_dns": "",
                            "public_ip": "3.235.51.56",
                            "root_block_device.#": "1",
                            "root_block_device.0.delete_on_termination": "true",
                            "root_block_device.0.encrypted": "false",
                            "root_block_device.0.iops": "100",
                            "root_block_device.0.kms_key_id": "",
                            "root_block_device.0.volume_id": "vol-0e586abec54d793b7",
                            "root_block_device.0.volume_size": "8",
                            "root_block_device.0.volume_type": "gp2",
                            "security_groups.#": "0",
                            "source_dest_check": "true",
                            "subnet_id": "subnet-0588fd4e9fc3ce622",
                            "tags.%": "2",
                            "tags.Environment": "dev",
                            "tags.Terraform": "true",
                            "tenancy": "default",
                            "user_data": "29b6d13d78c55922ceaa1b13ce6c01baab89daaa",
                            "volume_tags.%": "0",
                            "vpc_security_group_ids.#": "1",
                            "vpc_security_group_ids.3213149455": "sg-0abc3eab9c061e978"
                        },
                        "meta": {
                            "e2bfb730-ecaa-11e6-8f88-34363bc7c4c0": {
                                "create": 600000000000,
                                "delete": 1200000000000,
                                "update": 600000000000
                            },
                            "schema_version": "1"
                        },
                        "tainted": false
                    },
                    "deposed": [],
                    "provider": "provider.aws"
                },
                "aws_instance.webservers.1": {
                    "type": "aws_instance",
                    "depends_on": [
                        "aws_security_group.webservers",
                        "aws_subnet.public.*"
                    ],
                    "primary": {
                        "id": "i-0952c14c415359e90",
                        "attributes": {
                            "ami": "ami-0323c3dd2da7fb37d",
                            "arn": "arn:aws:ec2:us-east-1:942980744741:instance/i-0952c14c415359e90",
                            "associate_public_ip_address": "true",
                            "availability_zone": "us-east-1b",
                            "cpu_core_count": "1",
                            "cpu_threads_per_core": "1",
                            "credit_specification.#": "1",
                            "credit_specification.0.cpu_credits": "standard",
                            "disable_api_termination": "false",
                            "ebs_block_device.#": "0",
                            "ebs_optimized": "false",
                            "ephemeral_block_device.#": "0",
                            "get_password_data": "false",
                            "iam_instance_profile": "",
                            "id": "i-0952c14c415359e90",
                            "instance_state": "running",
                            "instance_type": "t2.micro",
                            "ipv6_address_count": "0",
                            "ipv6_addresses.#": "0",
                            "key_name": "",
                            "monitoring": "false",
                            "network_interface.#": "0",
                            "password_data": "",
                            "placement_group": "",
                            "primary_network_interface_id": "eni-0458f1e636d1fe6a4",
                            "private_dns": "ip-10-20-2-132.ec2.internal",
                            "private_ip": "10.20.2.132",
                            "public_dns": "",
                            "public_ip": "3.88.111.134",
                            "root_block_device.#": "1",
                            "root_block_device.0.delete_on_termination": "true",
                            "root_block_device.0.encrypted": "false",
                            "root_block_device.0.iops": "100",
                            "root_block_device.0.kms_key_id": "",
                            "root_block_device.0.volume_id": "vol-0989814aca83c2929",
                            "root_block_device.0.volume_size": "8",
                            "root_block_device.0.volume_type": "gp2",
                            "security_groups.#": "0",
                            "source_dest_check": "true",
                            "subnet_id": "subnet-08d396507297c5b9b",
                            "tags.%": "2",
                            "tags.Environment": "dev",
                            "tags.Terraform": "true",
                            "tenancy": "default",
                            "user_data": "29b6d13d78c55922ceaa1b13ce6c01baab89daaa",
                            "volume_tags.%": "0",
                            "vpc_security_group_ids.#": "1",
                            "vpc_security_group_ids.3213149455": "sg-0abc3eab9c061e978"
                        },
                        "meta": {
                            "e2bfb730-ecaa-11e6-8f88-34363bc7c4c0": {
                                "create": 600000000000,
                                "delete": 1200000000000,
                                "update": 600000000000
                            },
                            "schema_version": "1"
                        },
                        "tainted": false
                    },
                    "deposed": [],
                    "provider": "provider.aws"
                },
                "aws_internet_gateway.terra_igw": {
                    "type": "aws_internet_gateway",
                    "depends_on": [
                        "aws_vpc.terra_vpc"
                    ],
                    "primary": {
                        "id": "igw-0886dda4967f45734",
                        "attributes": {
                            "id": "igw-0886dda4967f45734",
                            "owner_id": "942980744741",
                            "tags.%": "1",
                            "tags.Name": "main",
                            "vpc_id": "vpc-0b143772828d6ba22"
                        },
                        "meta": {},
                        "tainted": false
                    },
                    "deposed": [],
                    "provider": "provider.aws"
                },
                "aws_route_table.public_rt": {
                    "type": "aws_route_table",
                    "depends_on": [
                        "aws_internet_gateway.terra_igw",
                        "aws_vpc.terra_vpc"
                    ],
                    "primary": {
                        "id": "rtb-03ee246ef4feb5ac6",
                        "attributes": {
                            "id": "rtb-03ee246ef4feb5ac6",
                            "owner_id": "942980744741",
                            "propagating_vgws.#": "0",
                            "route.#": "1",
                            "route.1300533118.cidr_block": "0.0.0.0/0",
                            "route.1300533118.egress_only_gateway_id": "",
                            "route.1300533118.gateway_id": "igw-0886dda4967f45734",
                            "route.1300533118.instance_id": "",
                            "route.1300533118.ipv6_cidr_block": "",
                            "route.1300533118.nat_gateway_id": "",
                            "route.1300533118.network_interface_id": "",
                            "route.1300533118.transit_gateway_id": "",
                            "route.1300533118.vpc_peering_connection_id": "",
                            "tags.%": "1",
                            "tags.Name": "publicRouteTable",
                            "vpc_id": "vpc-0b143772828d6ba22"
                        },
                        "meta": {},
                        "tainted": false
                    },
                    "deposed": [],
                    "provider": "provider.aws"
                },
                "aws_route_table_association.a.0": {
                    "type": "aws_route_table_association",
                    "depends_on": [
                        "aws_route_table.public_rt",
                        "aws_subnet.public.*"
                    ],
                    "primary": {
                        "id": "rtbassoc-0303e86df74884349",
                        "attributes": {
                            "id": "rtbassoc-0303e86df74884349",
                            "route_table_id": "rtb-03ee246ef4feb5ac6",
                            "subnet_id": "subnet-0588fd4e9fc3ce622"
                        },
                        "meta": {},
                        "tainted": false
                    },
                    "deposed": [],
                    "provider": "provider.aws"
                },
                "aws_route_table_association.a.1": {
                    "type": "aws_route_table_association",
                    "depends_on": [
                        "aws_route_table.public_rt",
                        "aws_subnet.public.*"
                    ],
                    "primary": {
                        "id": "rtbassoc-0b85eba1d56acfa01",
                        "attributes": {
                            "id": "rtbassoc-0b85eba1d56acfa01",
                            "route_table_id": "rtb-03ee246ef4feb5ac6",
                            "subnet_id": "subnet-08d396507297c5b9b"
                        },
                        "meta": {},
                        "tainted": false
                    },
                    "deposed": [],
                    "provider": "provider.aws"
                },
                "aws_security_group.webservers": {
                    "type": "aws_security_group",
                    "depends_on": [
                        "aws_vpc.terra_vpc"
                    ],
                    "primary": {
                        "id": "sg-0abc3eab9c061e978",
                        "attributes": {
                            "arn": "arn:aws:ec2:us-east-1:942980744741:security-group/sg-0abc3eab9c061e978",
                            "description": "Allow http inbound traffic",
                            "egress.#": "1",
                            "egress.482069346.cidr_blocks.#": "1",
                            "egress.482069346.cidr_blocks.0": "0.0.0.0/0",
                            "egress.482069346.description": "",
                            "egress.482069346.from_port": "0",
                            "egress.482069346.ipv6_cidr_blocks.#": "0",
                            "egress.482069346.prefix_list_ids.#": "0",
                            "egress.482069346.protocol": "-1",
                            "egress.482069346.security_groups.#": "0",
                            "egress.482069346.self": "false",
                            "egress.482069346.to_port": "0",
                            "id": "sg-0abc3eab9c061e978",
                            "ingress.#": "1",
                            "ingress.2214680975.cidr_blocks.#": "1",
                            "ingress.2214680975.cidr_blocks.0": "0.0.0.0/0",
                            "ingress.2214680975.description": "",
                            "ingress.2214680975.from_port": "80",
                            "ingress.2214680975.ipv6_cidr_blocks.#": "0",
                            "ingress.2214680975.prefix_list_ids.#": "0",
                            "ingress.2214680975.protocol": "tcp",
                            "ingress.2214680975.security_groups.#": "0",
                            "ingress.2214680975.self": "false",
                            "ingress.2214680975.to_port": "80",
                            "name": "allow_http",
                            "owner_id": "942980744741",
                            "revoke_rules_on_delete": "false",
                            "tags.%": "0",
                            "vpc_id": "vpc-0b143772828d6ba22"
                        },
                        "meta": {
                            "e2bfb730-ecaa-11e6-8f88-34363bc7c4c0": {
                                "create": 600000000000,
                                "delete": 600000000000
                            },
                            "schema_version": "1"
                        },
                        "tainted": false
                    },
                    "deposed": [],
                    "provider": "provider.aws"
                },
                "aws_subnet.public.0": {
                    "type": "aws_subnet",
                    "depends_on": [
                        "aws_vpc.terra_vpc"
                    ],
                    "primary": {
                        "id": "subnet-0588fd4e9fc3ce622",
                        "attributes": {
                            "arn": "arn:aws:ec2:us-east-1:942980744741:subnet/subnet-0588fd4e9fc3ce622",
                            "assign_ipv6_address_on_creation": "false",
                            "availability_zone": "us-east-1a",
                            "availability_zone_id": "use1-az1",
                            "cidr_block": "10.20.1.0/24",
                            "id": "subnet-0588fd4e9fc3ce622",
                            "ipv6_cidr_block": "",
                            "ipv6_cidr_block_association_id": "",
                            "map_public_ip_on_launch": "true",
                            "owner_id": "942980744741",
                            "tags.%": "1",
                            "tags.Name": "Subnet-1",
                            "vpc_id": "vpc-0b143772828d6ba22"
                        },
                        "meta": {
                            "e2bfb730-ecaa-11e6-8f88-34363bc7c4c0": {
                                "create": 600000000000,
                                "delete": 1200000000000
                            },
                            "schema_version": "1"
                        },
                        "tainted": false
                    },
                    "deposed": [],
                    "provider": "provider.aws"
                },
                "aws_subnet.public.1": {
                    "type": "aws_subnet",
                    "depends_on": [
                        "aws_vpc.terra_vpc"
                    ],
                    "primary": {
                        "id": "subnet-08d396507297c5b9b",
                        "attributes": {
                            "arn": "arn:aws:ec2:us-east-1:942980744741:subnet/subnet-08d396507297c5b9b",
                            "assign_ipv6_address_on_creation": "false",
                            "availability_zone": "us-east-1b",
                            "availability_zone_id": "use1-az2",
                            "cidr_block": "10.20.2.0/24",
                            "id": "subnet-08d396507297c5b9b",
                            "ipv6_cidr_block": "",
                            "ipv6_cidr_block_association_id": "",
                            "map_public_ip_on_launch": "true",
                            "owner_id": "942980744741",
                            "tags.%": "1",
                            "tags.Name": "Subnet-2",
                            "vpc_id": "vpc-0b143772828d6ba22"
                        },
                        "meta": {
                            "e2bfb730-ecaa-11e6-8f88-34363bc7c4c0": {
                                "create": 600000000000,
                                "delete": 1200000000000
                            },
                            "schema_version": "1"
                        },
                        "tainted": false
                    },
                    "deposed": [],
                    "provider": "provider.aws"
                },
                "aws_vpc.terra_vpc": {
                    "type": "aws_vpc",
                    "depends_on": [],
                    "primary": {
                        "id": "vpc-0b143772828d6ba22",
                        "attributes": {
                            "arn": "arn:aws:ec2:us-east-1:942980744741:vpc/vpc-0b143772828d6ba22",
                            "assign_generated_ipv6_cidr_block": "false",
                            "cidr_block": "10.20.0.0/16",
                            "default_network_acl_id": "acl-066076d71469b2d33",
                            "default_route_table_id": "rtb-00d7fd5b8d8cf86f8",
                            "default_security_group_id": "sg-03d64cb71d0ab085b",
                            "dhcp_options_id": "dopt-8d36d0f7",
                            "enable_classiclink": "false",
                            "enable_classiclink_dns_support": "false",
                            "enable_dns_hostnames": "false",
                            "enable_dns_support": "true",
                            "id": "vpc-0b143772828d6ba22",
                            "instance_tenancy": "default",
                            "ipv6_association_id": "",
                            "ipv6_cidr_block": "",
                            "main_route_table_id": "rtb-00d7fd5b8d8cf86f8",
                            "owner_id": "942980744741",
                            "tags.%": "1",
                            "tags.Name": "TerraVPC"
                        },
                        "meta": {
                            "schema_version": "1"
                        },
                        "tainted": false
                    },
                    "deposed": [],
                    "provider": "provider.aws"
                }
            },
            "depends_on": []
        }
    ]
}
